{
  "name": "jacky-cli",
  "version": "1.0.0",
  "lockfileVersion": 3,
  "requires": true,
  "packages": {
    "": {
      "name": "jacky-cli",
      "version": "1.0.0",
      "license": "ISC",
      "dependencies": {
        "jacky-lib": "file:jacky-lib"
      },
      "bin": {
        "jacky-cli": "jacky-cli/bin/index.mjs"
      }
    },
    "jacky-lib": {
      "version": "1.0.0",
      "license": "ISC"
    },
    "node_modules/jacky-lib": {
      "resolved": "jacky-lib",
      "link": true
    }
  }
}
